// !$*UTF8*$!
{
	archiveVersion = 1;
	classes = {
	};
	objectVersion = 77;
	objects = {

/* Begin PBXBuildFile section */
		3E929C9B2DBB609F00C33558 /* AppDockApp.swift in Sources */ = {isa = PBXBuildFile; fileRef = 3E929C972DBB609F00C33558 /* AppDockApp.swift */; };
		3E929C9C2DBB609F00C33558 /* ContentView.swift in Sources */ = {isa = PBXBuildFile; fileRef = 3E929C992DBB609F00C33558 /* ContentView.swift */; };
		3E929C9D2DBB609F00C33558 /* Preview Assets.xcassets in Resources */ = {isa = PBXBuildFile; fileRef = 3E929C952DBB609F00C33558 /* Preview Assets.xcassets */; };
		3E929C9E2DBB609F00C33558 /* Assets.xcassets in Resources */ = {isa = PBXBuildFile; fileRef = 3E929C982DBB609F00C33558 /* Assets.xcassets */; };
		3E929CEC2DBB6CC300C33558 /* AppDownloadState.swift in Sources */ = {isa = PBXBuildFile; fileRef = 3E929CEB2DBB6CC300C33558 /* AppDownloadState.swift */; };
		3E929CF02DBB6D4500C33558 /* AppItem.swift in Sources */ = {isa = PBXBuildFile; fileRef = 3E929CEF2DBB6D4500C33558 /* AppItem.swift */; };
		3E929CF32DBB709200C33558 /* AppStateManager.swift in Sources */ = {isa = PBXBuildFile; fileRef = 3E929CF22DBB709200C33558 /* AppStateManager.swift */; };
		3E929CF52DBB71B900C33558 /* DownloadTimerController.swift in Sources */ = {isa = PBXBuildFile; fileRef = 3E929CF42DBB71B900C33558 /* DownloadTimerController.swift */; };
		3E929CF72DBB777200C33558 /* DownloadTimerManager.swift in Sources */ = {isa = PBXBuildFile; fileRef = 3E929CF62DBB777100C33558 /* DownloadTimerManager.swift */; };
		3E929CF92DBB79BA00C33558 /* AppDownloadAction.swift in Sources */ = {isa = PBXBuildFile; fileRef = 3E929CF82DBB79BA00C33558 /* AppDownloadAction.swift */; };
		3E929CFB2DBB7A4700C33558 /* AppDownloadUseCase.swift in Sources */ = {isa = PBXBuildFile; fileRef = 3E929CFA2DBB7A4700C33558 /* AppDownloadUseCase.swift */; };
		3E929CFD2DBB7A6000C33558 /* DefaultAppDownloadUseCase.swift in Sources */ = {isa = PBXBuildFile; fileRef = 3E929CFC2DBB7A6000C33558 /* DefaultAppDownloadUseCase.swift */; };
		3E929CFF2DBBBAC200C33558 /* SearchViewModel.swift in Sources */ = {isa = PBXBuildFile; fileRef = 3E929CFE2DBBBAC200C33558 /* SearchViewModel.swift */; };
		3E929D012DBBBAD400C33558 /* SearchView.swift in Sources */ = {isa = PBXBuildFile; fileRef = 3E929D002DBBBAD400C33558 /* SearchView.swift */; };
		3E929D032DBBBDCF00C33558 /* AppListView.swift in Sources */ = {isa = PBXBuildFile; fileRef = 3E929D022DBBBDCF00C33558 /* AppListView.swift */; };
		3E929D072DBBC93400C33558 /* AppStateStore.swift in Sources */ = {isa = PBXBuildFile; fileRef = 3E929D062DBBC93400C33558 /* AppStateStore.swift */; };
		3E929D0B2DBCBA0B00C33558 /* SearchResponse.swift in Sources */ = {isa = PBXBuildFile; fileRef = 3E929D0A2DBCBA0B00C33558 /* SearchResponse.swift */; };
		3E929D0D2DBCBA5400C33558 /* APIClient.swift in Sources */ = {isa = PBXBuildFile; fileRef = 3E929D0C2DBCBA5400C33558 /* APIClient.swift */; };
		3E929D0F2DBCBAC800C33558 /* TempTestViewModel.swift in Sources */ = {isa = PBXBuildFile; fileRef = 3E929D0E2DBCBAC800C33558 /* TempTestViewModel.swift */; };
		3E929D112DBCBAE000C33558 /* TempTestView.swift in Sources */ = {isa = PBXBuildFile; fileRef = 3E929D102DBCBAE000C33558 /* TempTestView.swift */; };
		3E929D152DBE3C6200C33558 /* AppSearchResultRowView.swift in Sources */ = {isa = PBXBuildFile; fileRef = 3E929D142DBE3C6200C33558 /* AppSearchResultRowView.swift */; };
		3E929D172DBE4CED00C33558 /* AppDetailView.swift in Sources */ = {isa = PBXBuildFile; fileRef = 3E929D162DBE4CED00C33558 /* AppDetailView.swift */; };
		3E929D192DBE579900C33558 /* ScreenshotCarouselView.swift in Sources */ = {isa = PBXBuildFile; fileRef = 3E929D182DBE579900C33558 /* ScreenshotCarouselView.swift */; };
		3E929D1B2DBE5D3B00C33558 /* AppListRowView.swift in Sources */ = {isa = PBXBuildFile; fileRef = 3E929D1A2DBE5D3B00C33558 /* AppListRowView.swift */; };
		3E929D312DBF760500C33558 /* DownloadProgressView.swift in Sources */ = {isa = PBXBuildFile; fileRef = 3E929D2D2DBF760500C33558 /* DownloadProgressView.swift */; };
		3E929D322DBF760500C33558 /* EmptyStateView.swift in Sources */ = {isa = PBXBuildFile; fileRef = 3E929D2E2DBF760500C33558 /* EmptyStateView.swift */; };
		3E929D342DBF7CCD00C33558 /* DownloadProgressCircleView.swift in Sources */ = {isa = PBXBuildFile; fileRef = 3E929D332DBF7CCD00C33558 /* DownloadProgressCircleView.swift */; };
/* End PBXBuildFile section */

/* Begin PBXFileReference section */
		3E929C702DBB581E00C33558 /* AppDock.app */ = {isa = PBXFileReference; explicitFileType = wrapper.application; includeInIndex = 0; path = AppDock.app; sourceTree = BUILT_PRODUCTS_DIR; };
		3E929C952DBB609F00C33558 /* Preview Assets.xcassets */ = {isa = PBXFileReference; lastKnownFileType = folder.assetcatalog; path = "Preview Assets.xcassets"; sourceTree = "<group>"; };
		3E929C972DBB609F00C33558 /* AppDockApp.swift */ = {isa = PBXFileReference; lastKnownFileType = sourcecode.swift; path = AppDockApp.swift; sourceTree = "<group>"; };
		3E929C982DBB609F00C33558 /* Assets.xcassets */ = {isa = PBXFileReference; lastKnownFileType = folder.assetcatalog; path = Assets.xcassets; sourceTree = "<group>"; };
		3E929C992DBB609F00C33558 /* ContentView.swift */ = {isa = PBXFileReference; lastKnownFileType = sourcecode.swift; path = ContentView.swift; sourceTree = "<group>"; };
		3E929CEB2DBB6CC300C33558 /* AppDownloadState.swift */ = {isa = PBXFileReference; lastKnownFileType = sourcecode.swift; path = AppDownloadState.swift; sourceTree = "<group>"; };
		3E929CEF2DBB6D4500C33558 /* AppItem.swift */ = {isa = PBXFileReference; lastKnownFileType = sourcecode.swift; path = AppItem.swift; sourceTree = "<group>"; };
		3E929CF22DBB709200C33558 /* AppStateManager.swift */ = {isa = PBXFileReference; lastKnownFileType = sourcecode.swift; path = AppStateManager.swift; sourceTree = "<group>"; };
		3E929CF42DBB71B900C33558 /* DownloadTimerController.swift */ = {isa = PBXFileReference; lastKnownFileType = sourcecode.swift; path = DownloadTimerController.swift; sourceTree = "<group>"; };
		3E929CF62DBB777100C33558 /* DownloadTimerManager.swift */ = {isa = PBXFileReference; lastKnownFileType = sourcecode.swift; path = DownloadTimerManager.swift; sourceTree = "<group>"; };
		3E929CF82DBB79BA00C33558 /* AppDownloadAction.swift */ = {isa = PBXFileReference; lastKnownFileType = sourcecode.swift; path = AppDownloadAction.swift; sourceTree = "<group>"; };
		3E929CFA2DBB7A4700C33558 /* AppDownloadUseCase.swift */ = {isa = PBXFileReference; lastKnownFileType = sourcecode.swift; path = AppDownloadUseCase.swift; sourceTree = "<group>"; };
		3E929CFC2DBB7A6000C33558 /* DefaultAppDownloadUseCase.swift */ = {isa = PBXFileReference; lastKnownFileType = sourcecode.swift; path = DefaultAppDownloadUseCase.swift; sourceTree = "<group>"; };
		3E929CFE2DBBBAC200C33558 /* SearchViewModel.swift */ = {isa = PBXFileReference; lastKnownFileType = sourcecode.swift; path = SearchViewModel.swift; sourceTree = "<group>"; };
		3E929D002DBBBAD400C33558 /* SearchView.swift */ = {isa = PBXFileReference; lastKnownFileType = sourcecode.swift; path = SearchView.swift; sourceTree = "<group>"; };
		3E929D022DBBBDCF00C33558 /* AppListView.swift */ = {isa = PBXFileReference; lastKnownFileType = sourcecode.swift; path = AppListView.swift; sourceTree = "<group>"; };
		3E929D062DBBC93400C33558 /* AppStateStore.swift */ = {isa = PBXFileReference; lastKnownFileType = sourcecode.swift; path = AppStateStore.swift; sourceTree = "<group>"; };
		3E929D0A2DBCBA0B00C33558 /* SearchResponse.swift */ = {isa = PBXFileReference; lastKnownFileType = sourcecode.swift; path = SearchResponse.swift; sourceTree = "<group>"; };
		3E929D0C2DBCBA5400C33558 /* APIClient.swift */ = {isa = PBXFileReference; lastKnownFileType = sourcecode.swift; path = APIClient.swift; sourceTree = "<group>"; };
		3E929D0E2DBCBAC800C33558 /* TempTestViewModel.swift */ = {isa = PBXFileReference; lastKnownFileType = sourcecode.swift; path = TempTestViewModel.swift; sourceTree = "<group>"; };
		3E929D102DBCBAE000C33558 /* TempTestView.swift */ = {isa = PBXFileReference; lastKnownFileType = sourcecode.swift; path = TempTestView.swift; sourceTree = "<group>"; };
		3E929D142DBE3C6200C33558 /* AppSearchResultRowView.swift */ = {isa = PBXFileReference; lastKnownFileType = sourcecode.swift; path = AppSearchResultRowView.swift; sourceTree = "<group>"; };
		3E929D162DBE4CED00C33558 /* AppDetailView.swift */ = {isa = PBXFileReference; lastKnownFileType = sourcecode.swift; path = AppDetailView.swift; sourceTree = "<group>"; };
		3E929D182DBE579900C33558 /* ScreenshotCarouselView.swift */ = {isa = PBXFileReference; lastKnownFileType = sourcecode.swift; path = ScreenshotCarouselView.swift; sourceTree = "<group>"; };
		3E929D1A2DBE5D3B00C33558 /* AppListRowView.swift */ = {isa = PBXFileReference; lastKnownFileType = sourcecode.swift; path = AppListRowView.swift; sourceTree = "<group>"; };
		3E929D2D2DBF760500C33558 /* DownloadProgressView.swift */ = {isa = PBXFileReference; lastKnownFileType = sourcecode.swift; path = DownloadProgressView.swift; sourceTree = "<group>"; };
		3E929D2E2DBF760500C33558 /* EmptyStateView.swift */ = {isa = PBXFileReference; lastKnownFileType = sourcecode.swift; path = EmptyStateView.swift; sourceTree = "<group>"; };
		3E929D332DBF7CCD00C33558 /* DownloadProgressCircleView.swift */ = {isa = PBXFileReference; lastKnownFileType = sourcecode.swift; path = DownloadProgressCircleView.swift; sourceTree = "<group>"; };
/* End PBXFileReference section */

/* Begin PBXFrameworksBuildPhase section */
		3E929C6D2DBB581E00C33558 /* Frameworks */ = {
			isa = PBXFrameworksBuildPhase;
			buildActionMask = 2147483647;
			files = (
			);
			runOnlyForDeploymentPostprocessing = 0;
		};
/* End PBXFrameworksBuildPhase section */

/* Begin PBXGroup section */
		3E929C672DBB581E00C33558 = {
			isa = PBXGroup;
			children = (
				3E929C9A2DBB609F00C33558 /* AppDock */,
				3E929C712DBB581E00C33558 /* Products */,
			);
			sourceTree = "<group>";
		};
		3E929C712DBB581E00C33558 /* Products */ = {
			isa = PBXGroup;
			children = (
				3E929C702DBB581E00C33558 /* AppDock.app */,
			);
			name = Products;
			sourceTree = "<group>";
		};
		3E929C942DBB609F00C33558 /* Presentation */ = {
			isa = PBXGroup;
			children = (
				3E929D302DBF760500C33558 /* Common */,
				3E929CA32DBB624600C33558 /* Search */,
				3E929CAB2DBB627000C33558 /* AppDetail */,
				3E929CAF2DBB627900C33558 /* ScreenshotPreview */,
				3E929CB32DBB628300C33558 /* AppList */,
			);
			path = Presentation;
			sourceTree = "<group>";
		};
		3E929C962DBB609F00C33558 /* Supporting */ = {
			isa = PBXGroup;
			children = (
				3E929C952DBB609F00C33558 /* Preview Assets.xcassets */,
			);
			path = Supporting;
			sourceTree = "<group>";
		};
		3E929C9A2DBB609F00C33558 /* AppDock */ = {
			isa = PBXGroup;
			children = (
				3E929C972DBB609F00C33558 /* AppDockApp.swift */,
				3E929CA22DBB623100C33558 /* Resources */,
				3E929C942DBB609F00C33558 /* Presentation */,
				3E929C9F2DBB60BA00C33558 /* Domain */,
				3E929CA02DBB60BF00C33558 /* Core */,
				3E929CA12DBB60C400C33558 /* Shared */,
				3E929C962DBB609F00C33558 /* Supporting */,
				3E929C992DBB609F00C33558 /* ContentView.swift */,
			);
			path = AppDock;
			sourceTree = "<group>";
		};
		3E929C9F2DBB60BA00C33558 /* Domain */ = {
			isa = PBXGroup;
			children = (
				3E929CB42DBB628B00C33558 /* Entity */,
				3E929CB52DBB629000C33558 /* UseCase */,
			);
			path = Domain;
			sourceTree = "<group>";
		};
		3E929CA02DBB60BF00C33558 /* Core */ = {
			isa = PBXGroup;
			children = (
				3E929CB82DBB62AD00C33558 /* Download */,
				3E929CB92DBB62B500C33558 /* Network */,
				3E929CBA2DBB62C000C33558 /* Persistence */,
			);
			path = Core;
			sourceTree = "<group>";
		};
		3E929CA12DBB60C400C33558 /* Shared */ = {
			isa = PBXGroup;
			children = (
				3E929CF12DBB708300C33558 /* State */,
				3E929CBB2DBB62C800C33558 /* Components */,
				3E929CBC2DBB62CD00C33558 /* Extensions */,
				3E929CBD2DBB62D000C33558 /* Utilities */,
			);
			path = Shared;
			sourceTree = "<group>";
		};
		3E929CA22DBB623100C33558 /* Resources */ = {
			isa = PBXGroup;
			children = (
				3E929C982DBB609F00C33558 /* Assets.xcassets */,
			);
			path = Resources;
			sourceTree = "<group>";
		};
		3E929CA32DBB624600C33558 /* Search */ = {
			isa = PBXGroup;
			children = (
				3E929CA52DBB625800C33558 /* View */,
				3E929CA62DBB626400C33558 /* ViewModel */,
				3E929CA72DBB626800C33558 /* UIComponent */,
			);
			path = Search;
			sourceTree = "<group>";
		};
		3E929CA52DBB625800C33558 /* View */ = {
			isa = PBXGroup;
			children = (
				3E929D002DBBBAD400C33558 /* SearchView.swift */,
				3E929D102DBCBAE000C33558 /* TempTestView.swift */,
			);
			path = View;
			sourceTree = "<group>";
		};
		3E929CA62DBB626400C33558 /* ViewModel */ = {
			isa = PBXGroup;
			children = (
				3E929CFE2DBBBAC200C33558 /* SearchViewModel.swift */,
				3E929D0E2DBCBAC800C33558 /* TempTestViewModel.swift */,
			);
			path = ViewModel;
			sourceTree = "<group>";
		};
		3E929CA72DBB626800C33558 /* UIComponent */ = {
			isa = PBXGroup;
			children = (
				3E929D142DBE3C6200C33558 /* AppSearchResultRowView.swift */,
			);
			path = UIComponent;
			sourceTree = "<group>";
		};
		3E929CA82DBB627000C33558 /* View */ = {
			isa = PBXGroup;
			children = (
				3E929D162DBE4CED00C33558 /* AppDetailView.swift */,
			);
			path = View;
			sourceTree = "<group>";
		};
		3E929CA92DBB627000C33558 /* ViewModel */ = {
			isa = PBXGroup;
			children = (
			);
			path = ViewModel;
			sourceTree = "<group>";
		};
		3E929CAA2DBB627000C33558 /* UIComponent */ = {
			isa = PBXGroup;
			children = (
			);
			path = UIComponent;
			sourceTree = "<group>";
		};
		3E929CAB2DBB627000C33558 /* AppDetail */ = {
			isa = PBXGroup;
			children = (
				3E929CA82DBB627000C33558 /* View */,
				3E929CA92DBB627000C33558 /* ViewModel */,
				3E929CAA2DBB627000C33558 /* UIComponent */,
			);
			path = AppDetail;
			sourceTree = "<group>";
		};
		3E929CAC2DBB627900C33558 /* View */ = {
			isa = PBXGroup;
			children = (
				3E929D182DBE579900C33558 /* ScreenshotCarouselView.swift */,
			);
			path = View;
			sourceTree = "<group>";
		};
		3E929CAD2DBB627900C33558 /* ViewModel */ = {
			isa = PBXGroup;
			children = (
			);
			path = ViewModel;
			sourceTree = "<group>";
		};
		3E929CAE2DBB627900C33558 /* UIComponent */ = {
			isa = PBXGroup;
			children = (
			);
			path = UIComponent;
			sourceTree = "<group>";
		};
		3E929CAF2DBB627900C33558 /* ScreenshotPreview */ = {
			isa = PBXGroup;
			children = (
				3E929CAC2DBB627900C33558 /* View */,
				3E929CAD2DBB627900C33558 /* ViewModel */,
				3E929CAE2DBB627900C33558 /* UIComponent */,
			);
			path = ScreenshotPreview;
			sourceTree = "<group>";
		};
		3E929CB02DBB628300C33558 /* View */ = {
			isa = PBXGroup;
			children = (
				3E929D022DBBBDCF00C33558 /* AppListView.swift */,
			);
			path = View;
			sourceTree = "<group>";
		};
		3E929CB12DBB628300C33558 /* ViewModel */ = {
			isa = PBXGroup;
			children = (
			);
			path = ViewModel;
			sourceTree = "<group>";
		};
		3E929CB22DBB628300C33558 /* UIComponent */ = {
			isa = PBXGroup;
			children = (
				3E929D1A2DBE5D3B00C33558 /* AppListRowView.swift */,
			);
			path = UIComponent;
			sourceTree = "<group>";
		};
		3E929CB32DBB628300C33558 /* AppList */ = {
			isa = PBXGroup;
			children = (
				3E929CB02DBB628300C33558 /* View */,
				3E929CB12DBB628300C33558 /* ViewModel */,
				3E929CB22DBB628300C33558 /* UIComponent */,
			);
			path = AppList;
			sourceTree = "<group>";
		};
		3E929CB42DBB628B00C33558 /* Entity */ = {
			isa = PBXGroup;
			children = (
				3E929CEF2DBB6D4500C33558 /* AppItem.swift */,
				3E929CEB2DBB6CC300C33558 /* AppDownloadState.swift */,
				3E929CF82DBB79BA00C33558 /* AppDownloadAction.swift */,
			);
			path = Entity;
			sourceTree = "<group>";
		};
		3E929CB52DBB629000C33558 /* UseCase */ = {
			isa = PBXGroup;
			children = (
				3E929CB62DBB629400C33558 /* Protocol */,
				3E929CB72DBB629900C33558 /* Implementation */,
			);
			path = UseCase;
			sourceTree = "<group>";
		};
		3E929CB62DBB629400C33558 /* Protocol */ = {
			isa = PBXGroup;
			children = (
				3E929CFA2DBB7A4700C33558 /* AppDownloadUseCase.swift */,
			);
			path = Protocol;
			sourceTree = "<group>";
		};
		3E929CB72DBB629900C33558 /* Implementation */ = {
			isa = PBXGroup;
			children = (
				3E929CFC2DBB7A6000C33558 /* DefaultAppDownloadUseCase.swift */,
			);
			path = Implementation;
			sourceTree = "<group>";
		};
		3E929CB82DBB62AD00C33558 /* Download */ = {
			isa = PBXGroup;
			children = (
				3E929CF42DBB71B900C33558 /* DownloadTimerController.swift */,
				3E929CF62DBB777100C33558 /* DownloadTimerManager.swift */,
			);
			path = Download;
			sourceTree = "<group>";
		};
		3E929CB92DBB62B500C33558 /* Network */ = {
			isa = PBXGroup;
			children = (
				3E929D0A2DBCBA0B00C33558 /* SearchResponse.swift */,
				3E929D0C2DBCBA5400C33558 /* APIClient.swift */,
			);
			path = Network;
			sourceTree = "<group>";
		};
		3E929CBA2DBB62C000C33558 /* Persistence */ = {
			isa = PBXGroup;
			children = (
				3E929D062DBBC93400C33558 /* AppStateStore.swift */,
			);
			path = Persistence;
			sourceTree = "<group>";
		};
		3E929CBB2DBB62C800C33558 /* Components */ = {
			isa = PBXGroup;
			children = (
			);
			path = Components;
			sourceTree = "<group>";
		};
		3E929CBC2DBB62CD00C33558 /* Extensions */ = {
			isa = PBXGroup;
			children = (
			);
			path = Extensions;
			sourceTree = "<group>";
		};
		3E929CBD2DBB62D000C33558 /* Utilities */ = {
			isa = PBXGroup;
			children = (
			);
			path = Utilities;
			sourceTree = "<group>";
		};
		3E929CF12DBB708300C33558 /* State */ = {
			isa = PBXGroup;
			children = (
				3E929CF22DBB709200C33558 /* AppStateManager.swift */,
			);
			path = State;
			sourceTree = "<group>";
		};
		3E929D2F2DBF760500C33558 /* UIComponent */ = {
			isa = PBXGroup;
			children = (
				3E929D2D2DBF760500C33558 /* DownloadProgressView.swift */,
				3E929D332DBF7CCD00C33558 /* DownloadProgressCircleView.swift */,
				3E929D2E2DBF760500C33558 /* EmptyStateView.swift */,
			);
			path = UIComponent;
			sourceTree = "<group>";
		};
		3E929D302DBF760500C33558 /* Common */ = {
			isa = PBXGroup;
			children = (
				3E929D2F2DBF760500C33558 /* UIComponent */,
			);
			path = Common;
			sourceTree = "<group>";
		};
/* End PBXGroup section */

/* Begin PBXNativeTarget section */
		3E929C6F2DBB581E00C33558 /* AppDock */ = {
			isa = PBXNativeTarget;
			buildConfigurationList = 3E929C7E2DBB581F00C33558 /* Build configuration list for PBXNativeTarget "AppDock" */;
			buildPhases = (
				3E929C6C2DBB581E00C33558 /* Sources */,
				3E929C6D2DBB581E00C33558 /* Frameworks */,
				3E929C6E2DBB581E00C33558 /* Resources */,
			);
			buildRules = (
			);
			dependencies = (
			);
			name = AppDock;
			packageProductDependencies = (
			);
			productName = AppDock;
			productReference = 3E929C702DBB581E00C33558 /* AppDock.app */;
			productType = "com.apple.product-type.application";
		};
/* End PBXNativeTarget section */

/* Begin PBXProject section */
		3E929C682DBB581E00C33558 /* Project object */ = {
			isa = PBXProject;
			attributes = {
				BuildIndependentTargetsInParallel = 1;
				LastSwiftUpdateCheck = 1620;
				LastUpgradeCheck = 1620;
				TargetAttributes = {
					3E929C6F2DBB581E00C33558 = {
						CreatedOnToolsVersion = 16.2;
					};
				};
			};
			buildConfigurationList = 3E929C6B2DBB581E00C33558 /* Build configuration list for PBXProject "AppDock" */;
			developmentRegion = en;
			hasScannedForEncodings = 0;
			knownRegions = (
				en,
				Base,
			);
			mainGroup = 3E929C672DBB581E00C33558;
			minimizedProjectReferenceProxies = 1;
			preferredProjectObjectVersion = 77;
			productRefGroup = 3E929C712DBB581E00C33558 /* Products */;
			projectDirPath = "";
			projectRoot = "";
			targets = (
				3E929C6F2DBB581E00C33558 /* AppDock */,
			);
		};
/* End PBXProject section */

/* Begin PBXResourcesBuildPhase section */
		3E929C6E2DBB581E00C33558 /* Resources */ = {
			isa = PBXResourcesBuildPhase;
			buildActionMask = 2147483647;
			files = (
				3E929C9D2DBB609F00C33558 /* Preview Assets.xcassets in Resources */,
				3E929C9E2DBB609F00C33558 /* Assets.xcassets in Resources */,
			);
			runOnlyForDeploymentPostprocessing = 0;
		};
/* End PBXResourcesBuildPhase section */

/* Begin PBXSourcesBuildPhase section */
		3E929C6C2DBB581E00C33558 /* Sources */ = {
			isa = PBXSourcesBuildPhase;
			buildActionMask = 2147483647;
			files = (
				3E929D0F2DBCBAC800C33558 /* TempTestViewModel.swift in Sources */,
				3E929CFF2DBBBAC200C33558 /* SearchViewModel.swift in Sources */,
				3E929CF02DBB6D4500C33558 /* AppItem.swift in Sources */,
				3E929D1B2DBE5D3B00C33558 /* AppListRowView.swift in Sources */,
				3E929D342DBF7CCD00C33558 /* DownloadProgressCircleView.swift in Sources */,
				3E929CF92DBB79BA00C33558 /* AppDownloadAction.swift in Sources */,
				3E929D0D2DBCBA5400C33558 /* APIClient.swift in Sources */,
				3E929CEC2DBB6CC300C33558 /* AppDownloadState.swift in Sources */,
				3E929D0B2DBCBA0B00C33558 /* SearchResponse.swift in Sources */,
				3E929D312DBF760500C33558 /* DownloadProgressView.swift in Sources */,
				3E929D322DBF760500C33558 /* EmptyStateView.swift in Sources */,
				3E929D012DBBBAD400C33558 /* SearchView.swift in Sources */,
				3E929D072DBBC93400C33558 /* AppStateStore.swift in Sources */,
				3E929CF52DBB71B900C33558 /* DownloadTimerController.swift in Sources */,
				3E929C9B2DBB609F00C33558 /* AppDockApp.swift in Sources */,
				3E929D192DBE579900C33558 /* ScreenshotCarouselView.swift in Sources */,
				3E929CFD2DBB7A6000C33558 /* DefaultAppDownloadUseCase.swift in Sources */,
				3E929D152DBE3C6200C33558 /* AppSearchResultRowView.swift in Sources */,
				3E929C9C2DBB609F00C33558 /* ContentView.swift in Sources */,
				3E929CF72DBB777200C33558 /* DownloadTimerManager.swift in Sources */,
				3E929CF32DBB709200C33558 /* AppStateManager.swift in Sources */,
				3E929D032DBBBDCF00C33558 /* AppListView.swift in Sources */,
				3E929D172DBE4CED00C33558 /* AppDetailView.swift in Sources */,
				3E929D112DBCBAE000C33558 /* TempTestView.swift in Sources */,
				3E929CFB2DBB7A4700C33558 /* AppDownloadUseCase.swift in Sources */,
			);
			runOnlyForDeploymentPostprocessing = 0;
		};
/* End PBXSourcesBuildPhase section */

/* Begin XCBuildConfiguration section */
		3E929C7C2DBB581F00C33558 /* Debug */ = {
			isa = XCBuildConfiguration;
			buildSettings = {
				ALWAYS_SEARCH_USER_PATHS = NO;
				ASSETCATALOG_COMPILER_GENERATE_SWIFT_ASSET_SYMBOL_EXTENSIONS = YES;
				CLANG_ANALYZER_NONNULL = YES;
				CLANG_ANALYZER_NUMBER_OBJECT_CONVERSION = YES_AGGRESSIVE;
				CLANG_CXX_LANGUAGE_STANDARD = "gnu++20";
				CLANG_ENABLE_MODULES = YES;
				CLANG_ENABLE_OBJC_ARC = YES;
				CLANG_ENABLE_OBJC_WEAK = YES;
				CLANG_WARN_BLOCK_CAPTURE_AUTORELEASING = YES;
				CLANG_WARN_BOOL_CONVERSION = YES;
				CLANG_WARN_COMMA = YES;
				CLANG_WARN_CONSTANT_CONVERSION = YES;
				CLANG_WARN_DEPRECATED_OBJC_IMPLEMENTATIONS = YES;
				CLANG_WARN_DIRECT_OBJC_ISA_USAGE = YES_ERROR;
				CLANG_WARN_DOCUMENTATION_COMMENTS = YES;
				CLANG_WARN_EMPTY_BODY = YES;
				CLANG_WARN_ENUM_CONVERSION = YES;
				CLANG_WARN_INFINITE_RECURSION = YES;
				CLANG_WARN_INT_CONVERSION = YES;
				CLANG_WARN_NON_LITERAL_NULL_CONVERSION = YES;
				CLANG_WARN_OBJC_IMPLICIT_RETAIN_SELF = YES;
				CLANG_WARN_OBJC_LITERAL_CONVERSION = YES;
				CLANG_WARN_OBJC_ROOT_CLASS = YES_ERROR;
				CLANG_WARN_QUOTED_INCLUDE_IN_FRAMEWORK_HEADER = YES;
				CLANG_WARN_RANGE_LOOP_ANALYSIS = YES;
				CLANG_WARN_STRICT_PROTOTYPES = YES;
				CLANG_WARN_SUSPICIOUS_MOVE = YES;
				CLANG_WARN_UNGUARDED_AVAILABILITY = YES_AGGRESSIVE;
				CLANG_WARN_UNREACHABLE_CODE = YES;
				CLANG_WARN__DUPLICATE_METHOD_MATCH = YES;
				COPY_PHASE_STRIP = NO;
				DEBUG_INFORMATION_FORMAT = dwarf;
				ENABLE_STRICT_OBJC_MSGSEND = YES;
				ENABLE_TESTABILITY = YES;
				ENABLE_USER_SCRIPT_SANDBOXING = YES;
				GCC_C_LANGUAGE_STANDARD = gnu17;
				GCC_DYNAMIC_NO_PIC = NO;
				GCC_NO_COMMON_BLOCKS = YES;
				GCC_OPTIMIZATION_LEVEL = 0;
				GCC_PREPROCESSOR_DEFINITIONS = (
					"DEBUG=1",
					"$(inherited)",
				);
				GCC_WARN_64_TO_32_BIT_CONVERSION = YES;
				GCC_WARN_ABOUT_RETURN_TYPE = YES_ERROR;
				GCC_WARN_UNDECLARED_SELECTOR = YES;
				GCC_WARN_UNINITIALIZED_AUTOS = YES_AGGRESSIVE;
				GCC_WARN_UNUSED_FUNCTION = YES;
				GCC_WARN_UNUSED_VARIABLE = YES;
				IPHONEOS_DEPLOYMENT_TARGET = 18.2;
				LOCALIZATION_PREFERS_STRING_CATALOGS = YES;
				MTL_ENABLE_DEBUG_INFO = INCLUDE_SOURCE;
				MTL_FAST_MATH = YES;
				ONLY_ACTIVE_ARCH = YES;
				SDKROOT = iphoneos;
				SWIFT_ACTIVE_COMPILATION_CONDITIONS = "DEBUG $(inherited)";
				SWIFT_OPTIMIZATION_LEVEL = "-Onone";
				baseConfigurationReference = APIConfig.xcconfig;
			};
			name = Debug;
		};
		3E929C7D2DBB581F00C33558 /* Release */ = {
			isa = XCBuildConfiguration;
			buildSettings = {
				ALWAYS_SEARCH_USER_PATHS = NO;
				ASSETCATALOG_COMPILER_GENERATE_SWIFT_ASSET_SYMBOL_EXTENSIONS = YES;
				CLANG_ANALYZER_NONNULL = YES;
				CLANG_ANALYZER_NUMBER_OBJECT_CONVERSION = YES_AGGRESSIVE;
				CLANG_CXX_LANGUAGE_STANDARD = "gnu++20";
				CLANG_ENABLE_MODULES = YES;
				CLANG_ENABLE_OBJC_ARC = YES;
				CLANG_ENABLE_OBJC_WEAK = YES;
				CLANG_WARN_BLOCK_CAPTURE_AUTORELEASING = YES;
				CLANG_WARN_BOOL_CONVERSION = YES;
				CLANG_WARN_COMMA = YES;
				CLANG_WARN_CONSTANT_CONVERSION = YES;
				CLANG_WARN_DEPRECATED_OBJC_IMPLEMENTATIONS = YES;
				CLANG_WARN_DIRECT_OBJC_ISA_USAGE = YES_ERROR;
				CLANG_WARN_DOCUMENTATION_COMMENTS = YES;
				CLANG_WARN_EMPTY_BODY = YES;
				CLANG_WARN_ENUM_CONVERSION = YES;
				CLANG_WARN_INFINITE_RECURSION = YES;
				CLANG_WARN_INT_CONVERSION = YES;
				CLANG_WARN_NON_LITERAL_NULL_CONVERSION = YES;
				CLANG_WARN_OBJC_IMPLICIT_RETAIN_SELF = YES;
				CLANG_WARN_OBJC_LITERAL_CONVERSION = YES;
				CLANG_WARN_OBJC_ROOT_CLASS = YES_ERROR;
				CLANG_WARN_QUOTED_INCLUDE_IN_FRAMEWORK_HEADER = YES;
				CLANG_WARN_RANGE_LOOP_ANALYSIS = YES;
				CLANG_WARN_STRICT_PROTOTYPES = YES;
				CLANG_WARN_SUSPICIOUS_MOVE = YES;
				CLANG_WARN_UNGUARDED_AVAILABILITY = YES_AGGRESSIVE;
				CLANG_WARN_UNREACHABLE_CODE = YES;
				CLANG_WARN__DUPLICATE_METHOD_MATCH = YES;
				COPY_PHASE_STRIP = NO;
				DEBUG_INFORMATION_FORMAT = "dwarf-with-dsym";
				ENABLE_NS_ASSERTIONS = NO;
				ENABLE_STRICT_OBJC_MSGSEND = YES;
				ENABLE_USER_SCRIPT_SANDBOXING = YES;
				GCC_C_LANGUAGE_STANDARD = gnu17;
				GCC_NO_COMMON_BLOCKS = YES;
				GCC_WARN_64_TO_32_BIT_CONVERSION = YES;
				GCC_WARN_ABOUT_RETURN_TYPE = YES_ERROR;
				GCC_WARN_UNDECLARED_SELECTOR = YES;
				GCC_WARN_UNINITIALIZED_AUTOS = YES_AGGRESSIVE;
				GCC_WARN_UNUSED_FUNCTION = YES;
				GCC_WARN_UNUSED_VARIABLE = YES;
				IPHONEOS_DEPLOYMENT_TARGET = 18.2;
				LOCALIZATION_PREFERS_STRING_CATALOGS = YES;
				MTL_ENABLE_DEBUG_INFO = NO;
				MTL_FAST_MATH = YES;
				SDKROOT = iphoneos;
				SWIFT_COMPILATION_MODE = wholemodule;
				VALIDATE_PRODUCT = YES;
			};
			name = Release;
		};
		3E929C7F2DBB581F00C33558 /* Debug */ = {
			isa = XCBuildConfiguration;
			buildSettings = {
				ASSETCATALOG_COMPILER_APPICON_NAME = AppIcon;
				ASSETCATALOG_COMPILER_GLOBAL_ACCENT_COLOR_NAME = AccentColor;
				CODE_SIGN_STYLE = Automatic;
				CURRENT_PROJECT_VERSION = 1;
				DEVELOPMENT_ASSET_PATHS = "\"AppDock/Supporting\"";
				DEVELOPMENT_TEAM = CP9THWX4QS;
				ENABLE_PREVIEWS = YES;
				GENERATE_INFOPLIST_FILE = YES;
				INFOPLIST_KEY_CFBundleDisplayName = "조다은";
				INFOPLIST_KEY_UIApplicationSceneManifest_Generation = YES;
				INFOPLIST_KEY_UIApplicationSupportsIndirectInputEvents = YES;
				INFOPLIST_KEY_UILaunchScreen_Generation = YES;
				INFOPLIST_KEY_UISupportedInterfaceOrientations = UIInterfaceOrientationPortrait;
				INFOPLIST_KEY_UISupportedInterfaceOrientations_iPad = "UIInterfaceOrientationLandscapeLeft UIInterfaceOrientationLandscapeRight UIInterfaceOrientationPortrait UIInterfaceOrientationPortraitUpsideDown";
				IPHONEOS_DEPLOYMENT_TARGET = 15.0;
				LD_RUNPATH_SEARCH_PATHS = (
					"$(inherited)",
					"@executable_path/Frameworks",
				);
				MARKETING_VERSION = 1.0;
				PRODUCT_BUNDLE_IDENTIFIER = com.dana.AppDock;
				PRODUCT_NAME = "$(TARGET_NAME)";
				SUPPORTED_PLATFORMS = "iphoneos iphonesimulator";
				SUPPORTS_MACCATALYST = NO;
				SUPPORTS_MAC_DESIGNED_FOR_IPHONE_IPAD = NO;
				SUPPORTS_XR_DESIGNED_FOR_IPHONE_IPAD = NO;
				SWIFT_EMIT_LOC_STRINGS = YES;
				SWIFT_VERSION = 5.0;
				TARGETED_DEVICE_FAMILY = 1;
			};
			name = Debug;
		};
		3E929C802DBB581F00C33558 /* Release */ = {
			isa = XCBuildConfiguration;
			buildSettings = {
				ASSETCATALOG_COMPILER_APPICON_NAME = AppIcon;
				ASSETCATALOG_COMPILER_GLOBAL_ACCENT_COLOR_NAME = AccentColor;
				CODE_SIGN_STYLE = Automatic;
				CURRENT_PROJECT_VERSION = 1;
				DEVELOPMENT_ASSET_PATHS = "\"AppDock/Supporting\"";
				DEVELOPMENT_TEAM = CP9THWX4QS;
				ENABLE_PREVIEWS = YES;
				GENERATE_INFOPLIST_FILE = YES;
				INFOPLIST_KEY_CFBundleDisplayName = "조다은";
				INFOPLIST_KEY_UIApplicationSceneManifest_Generation = YES;
				INFOPLIST_KEY_UIApplicationSupportsIndirectInputEvents = YES;
				INFOPLIST_KEY_UILaunchScreen_Generation = YES;
				INFOPLIST_KEY_UISupportedInterfaceOrientations = UIInterfaceOrientationPortrait;
				INFOPLIST_KEY_UISupportedInterfaceOrientations_iPad = "UIInterfaceOrientationLandscapeLeft UIInterfaceOrientationLandscapeRight UIInterfaceOrientationPortrait UIInterfaceOrientationPortraitUpsideDown";
				IPHONEOS_DEPLOYMENT_TARGET = 15.0;
				LD_RUNPATH_SEARCH_PATHS = (
					"$(inherited)",
					"@executable_path/Frameworks",
				);
				MARKETING_VERSION = 1.0;
				PRODUCT_BUNDLE_IDENTIFIER = com.dana.AppDock;
				PRODUCT_NAME = "$(TARGET_NAME)";
				SUPPORTED_PLATFORMS = "iphoneos iphonesimulator";
				SUPPORTS_MACCATALYST = NO;
				SUPPORTS_MAC_DESIGNED_FOR_IPHONE_IPAD = NO;
				SUPPORTS_XR_DESIGNED_FOR_IPHONE_IPAD = NO;
				SWIFT_EMIT_LOC_STRINGS = YES;
				SWIFT_VERSION = 5.0;
				TARGETED_DEVICE_FAMILY = 1;
			};
			name = Release;
		};
/* End XCBuildConfiguration section */

/* Begin XCConfigurationList section */
		3E929C6B2DBB581E00C33558 /* Build configuration list for PBXProject "AppDock" */ = {
			isa = XCConfigurationList;
			buildConfigurations = (
				3E929C7C2DBB581F00C33558 /* Debug */,
				3E929C7D2DBB581F00C33558 /* Release */,
			);
			defaultConfigurationIsVisible = 0;
			defaultConfigurationName = Release;
		};
		3E929C7E2DBB581F00C33558 /* Build configuration list for PBXNativeTarget "AppDock" */ = {
			isa = XCConfigurationList;
			buildConfigurations = (
				3E929C7F2DBB581F00C33558 /* Debug */,
				3E929C802DBB581F00C33558 /* Release */,
			);
			defaultConfigurationIsVisible = 0;
			defaultConfigurationName = Release;
		};
/* End XCConfigurationList section */
	};
	rootObject = 3E929C682DBB581E00C33558 /* Project object */;
}
